
Microsoft Visual Studio Solution File, Format Version 12.00
# Visual Studio Version 16
VisualStudioVersion = 16.0.30523.141
MinimumVisualStudioVersion = 10.0.40219.1
Project("{888888A0-9F3D-457C-B088-3A5042F75D52}") = "portfolio", "portfolio.pyproj", "{EEA99049-32C3-4ADF-8BE3-A60A47D5DB81}"
EndProject
Global
	GlobalSection(SolutionConfigurationPlatforms) = preSolution
		Debug|Any CPU = Debug|Any CPU
		Release|Any CPU = Release|Any CPU
	EndGlobalSection
	GlobalSection(ProjectConfigurationPlatforms) = postSolution
		{EEA99049-32C3-4ADF-8BE3-A60A47D5DB81}.Debug|Any CPU.ActiveCfg = Debug|Any CPU
		{EEA99049-32C3-4ADF-8BE3-A60A47D5DB81}.Debug|Any CPU.Build.0 = Debug|Any CPU
		{EEA99049-32C3-4ADF-8BE3-A60A47D5DB81}.Release|Any CPU.ActiveCfg = Release|Any CPU
		{EEA99049-32C3-4ADF-8BE3-A60A47D5DB81}.Release|Any CPU.Build.0 = Release|Any CPU
	EndGlobalSection
	GlobalSection(SolutionProperties) = preSolution
		HideSolutionNode = FALSE
	EndGlobalSection
	GlobalSection(ExtensibilityGlobals) = postSolution
		SolutionGuid = {16C8E21E-5A94-43ED-A17F-592349FEAC28}
	EndGlobalSection
EndGlobal
